
Microsoft Visual Studio Solution File, Format Version 12.00
# Visual Studio 2017
Project("{FAE04EC0-301F-11D3-BF4B-00C04F79EFBC}") = "AR_Exercise1", "AR_Exercise1.csproj", "{584ECED9-5C46-ADB1-615E-CD98D901C9B4}"
EndProject
Project("{FAE04EC0-301F-11D3-BF4B-00C04F79EFBC}") = "AR_Exercise1.Editor", "AR_Exercise1.Editor.csproj", "{8C841198-8591-7A24-9B8C-B91D528ED0ED}"
EndProject
Global
	GlobalSection(SolutionConfigurationPlatforms) = preSolution
		Debug|Any CPU = Debug|Any CPU
		Release|Any CPU = Release|Any CPU
	EndGlobalSection
	GlobalSection(ProjectConfigurationPlatforms) = postSolution
		{584ECED9-5C46-ADB1-615E-CD98D901C9B4}.Debug|Any CPU.ActiveCfg = Debug|Any CPU
		{584ECED9-5C46-ADB1-615E-CD98D901C9B4}.Debug|Any CPU.Build.0 = Debug|Any CPU
		{584ECED9-5C46-ADB1-615E-CD98D901C9B4}.Release|Any CPU.ActiveCfg = Release|Any CPU
		{584ECED9-5C46-ADB1-615E-CD98D901C9B4}.Release|Any CPU.Build.0 = Release|Any CPU
		{8C841198-8591-7A24-9B8C-B91D528ED0ED}.Debug|Any CPU.ActiveCfg = Debug|Any CPU
		{8C841198-8591-7A24-9B8C-B91D528ED0ED}.Debug|Any CPU.Build.0 = Debug|Any CPU
		{8C841198-8591-7A24-9B8C-B91D528ED0ED}.Release|Any CPU.ActiveCfg = Release|Any CPU
		{8C841198-8591-7A24-9B8C-B91D528ED0ED}.Release|Any CPU.Build.0 = Release|Any CPU
	EndGlobalSection
	GlobalSection(SolutionProperties) = preSolution
		HideSolutionNode = FALSE
	EndGlobalSection
EndGlobal
